// !$*UTF8*$!
{
	archiveVersion = 1;
	classes = {
	};
	objectVersion = 46;
	objects = {

/* Begin PBXBuildFile section */
		404B2B2019C89828009E3F07 /* AppDelegate.swift in Sources */ = {isa = PBXBuildFile; fileRef = 404B2B1F19C89828009E3F07 /* AppDelegate.swift */; };
		404B2B2219C89828009E3F07 /* ViewController.swift in Sources */ = {isa = PBXBuildFile; fileRef = 404B2B2119C89828009E3F07 /* ViewController.swift */; };
		404B2B2519C89828009E3F07 /* Main.storyboard in Resources */ = {isa = PBXBuildFile; fileRef = 404B2B2319C89828009E3F07 /* Main.storyboard */; };
		404B2B2719C89828009E3F07 /* Images.xcassets in Resources */ = {isa = PBXBuildFile; fileRef = 404B2B2619C89828009E3F07 /* Images.xcassets */; };
		404B2B2A19C89828009E3F07 /* LaunchScreen.xib in Resources */ = {isa = PBXBuildFile; fileRef = 404B2B2819C89828009E3F07 /* LaunchScreen.xib */; };
		404B2B3619C89828009E3F07 /* SwiftRemoteTests.swift in Sources */ = {isa = PBXBuildFile; fileRef = 404B2B3519C89828009E3F07 /* SwiftRemoteTests.swift */; };
/* End PBXBuildFile section */

/* Begin PBXContainerItemProxy section */
		404B2B3019C89828009E3F07 /* PBXContainerItemProxy */ = {
			isa = PBXContainerItemProxy;
			containerPortal = 404B2B1219C89828009E3F07 /* Project object */;
			proxyType = 1;
			remoteGlobalIDString = 404B2B1919C89828009E3F07;
			remoteInfo = SwiftRemote;
		};
		40F7979D19FE48AB0055525A /* PBXContainerItemProxy */ = {
			isa = PBXContainerItemProxy;
			containerPortal = 40F7979819FE48AB0055525A /* Alamofire.xcodeproj */;
			proxyType = 2;
			remoteGlobalIDString = F8111E3319A95C8B0040E7D1;
			remoteInfo = Alamofire;
		};
		40F7979F19FE48AB0055525A /* PBXContainerItemProxy */ = {
			isa = PBXContainerItemProxy;
			containerPortal = 40F7979819FE48AB0055525A /* Alamofire.xcodeproj */;
			proxyType = 2;
			remoteGlobalIDString = F8111E3E19A95C8B0040E7D1;
			remoteInfo = AlamofireTests;
		};
		40F797A119FE49960055525A /* PBXContainerItemProxy */ = {
			isa = PBXContainerItemProxy;
			containerPortal = 40F7979819FE48AB0055525A /* Alamofire.xcodeproj */;
			proxyType = 1;
			remoteGlobalIDString = F8111E3219A95C8B0040E7D1;
			remoteInfo = Alamofire;
		};
/* End PBXContainerItemProxy section */

/* Begin PBXCopyFilesBuildPhase section */
		404B2B7B19C89CB1009E3F07 /* Embed Frameworks */ = {
			isa = PBXCopyFilesBuildPhase;
			buildActionMask = 2147483647;
			dstPath = "";
			dstSubfolderSpec = 10;
			files = (
			);
			name = "Embed Frameworks";
			runOnlyForDeploymentPostprocessing = 0;
		};
/* End PBXCopyFilesBuildPhase section */

/* Begin PBXFileReference section */
		404B2B1A19C89828009E3F07 /* SwiftRemote.app */ = {isa = PBXFileReference; explicitFileType = wrapper.application; includeInIndex = 0; path = SwiftRemote.app; sourceTree = BUILT_PRODUCTS_DIR; };
		404B2B1E19C89828009E3F07 /* Info.plist */ = {isa = PBXFileReference; lastKnownFileType = text.plist.xml; path = Info.plist; sourceTree = "<group>"; };
		404B2B1F19C89828009E3F07 /* AppDelegate.swift */ = {isa = PBXFileReference; lastKnownFileType = sourcecode.swift; path = AppDelegate.swift; sourceTree = "<group>"; };
		404B2B2119C89828009E3F07 /* ViewController.swift */ = {isa = PBXFileReference; lastKnownFileType = sourcecode.swift; path = ViewController.swift; sourceTree = "<group>"; };
		404B2B2419C89828009E3F07 /* Base */ = {isa = PBXFileReference; lastKnownFileType = file.storyboard; name = Base; path = Base.lproj/Main.storyboard; sourceTree = "<group>"; };
		404B2B2619C89828009E3F07 /* Images.xcassets */ = {isa = PBXFileReference; lastKnownFileType = folder.assetcatalog; path = Images.xcassets; sourceTree = "<group>"; };
		404B2B2919C89828009E3F07 /* Base */ = {isa = PBXFileReference; lastKnownFileType = file.xib; name = Base; path = Base.lproj/LaunchScreen.xib; sourceTree = "<group>"; };
		404B2B2F19C89828009E3F07 /* SwiftRemoteTests.xctest */ = {isa = PBXFileReference; explicitFileType = wrapper.cfbundle; includeInIndex = 0; path = SwiftRemoteTests.xctest; sourceTree = BUILT_PRODUCTS_DIR; };
		404B2B3419C89828009E3F07 /* Info.plist */ = {isa = PBXFileReference; lastKnownFileType = text.plist.xml; path = Info.plist; sourceTree = "<group>"; };
		404B2B3519C89828009E3F07 /* SwiftRemoteTests.swift */ = {isa = PBXFileReference; lastKnownFileType = sourcecode.swift; path = SwiftRemoteTests.swift; sourceTree = "<group>"; };
		40F7979819FE48AB0055525A /* Alamofire.xcodeproj */ = {isa = PBXFileReference; lastKnownFileType = "wrapper.pb-project"; name = Alamofire.xcodeproj; path = "../../../Alamofire-master/Alamofire.xcodeproj"; sourceTree = "<group>"; };
/* End PBXFileReference section */

/* Begin PBXFrameworksBuildPhase section */
		404B2B1719C89828009E3F07 /* Frameworks */ = {
			isa = PBXFrameworksBuildPhase;
			buildActionMask = 2147483647;
			files = (
			);
			runOnlyForDeploymentPostprocessing = 0;
		};
		404B2B2C19C89828009E3F07 /* Frameworks */ = {
			isa = PBXFrameworksBuildPhase;
			buildActionMask = 2147483647;
			files = (
			);
			runOnlyForDeploymentPostprocessing = 0;
		};
/* End PBXFrameworksBuildPhase section */

/* Begin PBXGroup section */
		404B2B1119C89828009E3F07 = {
			isa = PBXGroup;
			children = (
				404B2B1C19C89828009E3F07 /* SwiftRemote */,
				404B2B3219C89828009E3F07 /* SwiftRemoteTests */,
				404B2B1B19C89828009E3F07 /* Products */,
				404B2B3F19C89BA9009E3F07 /* Alamofire */,
			);
			sourceTree = "<group>";
		};
		404B2B1B19C89828009E3F07 /* Products */ = {
			isa = PBXGroup;
			children = (
				404B2B1A19C89828009E3F07 /* SwiftRemote.app */,
				404B2B2F19C89828009E3F07 /* SwiftRemoteTests.xctest */,
			);
			name = Products;
			sourceTree = "<group>";
		};
		404B2B1C19C89828009E3F07 /* SwiftRemote */ = {
			isa = PBXGroup;
			children = (
				404B2B1F19C89828009E3F07 /* AppDelegate.swift */,
				404B2B2119C89828009E3F07 /* ViewController.swift */,
				404B2B2319C89828009E3F07 /* Main.storyboard */,
				404B2B2619C89828009E3F07 /* Images.xcassets */,
				404B2B2819C89828009E3F07 /* LaunchScreen.xib */,
				404B2B1D19C89828009E3F07 /* Supporting Files */,
			);
			path = SwiftRemote;
			sourceTree = "<group>";
		};
		404B2B1D19C89828009E3F07 /* Supporting Files */ = {
			isa = PBXGroup;
			children = (
				404B2B1E19C89828009E3F07 /* Info.plist */,
			);
			name = "Supporting Files";
			sourceTree = "<group>";
		};
		404B2B3219C89828009E3F07 /* SwiftRemoteTests */ = {
			isa = PBXGroup;
			children = (
				404B2B3519C89828009E3F07 /* SwiftRemoteTests.swift */,
				404B2B3319C89828009E3F07 /* Supporting Files */,
			);
			path = SwiftRemoteTests;
			sourceTree = "<group>";
		};
		404B2B3319C89828009E3F07 /* Supporting Files */ = {
			isa = PBXGroup;
			children = (
				404B2B3419C89828009E3F07 /* Info.plist */,
			);
			name = "Supporting Files";
			sourceTree = "<group>";
		};
		404B2B3F19C89BA9009E3F07 /* Alamofire */ = {
			isa = PBXGroup;
			children = (
				40F7979819FE48AB0055525A /* Alamofire.xcodeproj */,
			);
			path = Alamofire;
			sourceTree = "<group>";
		};
		40F7979919FE48AB0055525A /* Products */ = {
			isa = PBXGroup;
			children = (
				40F7979E19FE48AB0055525A /* Alamofire.framework */,
				40F797A019FE48AB0055525A /* AlamofireTests.xctest */,
			);
			name = Products;
			sourceTree = "<group>";
		};
/* End PBXGroup section */

/* Begin PBXNativeTarget section */
		404B2B1919C89828009E3F07 /* SwiftRemote */ = {
			isa = PBXNativeTarget;
			buildConfigurationList = 404B2B3919C89828009E3F07 /* Build configuration list for PBXNativeTarget "SwiftRemote" */;
			buildPhases = (
				404B2B1619C89828009E3F07 /* Sources */,
				404B2B1719C89828009E3F07 /* Frameworks */,
				404B2B1819C89828009E3F07 /* Resources */,
				404B2B7B19C89CB1009E3F07 /* Embed Frameworks */,
			);
			buildRules = (
			);
			dependencies = (
				40F797A219FE49960055525A /* PBXTargetDependency */,
			);
			name = SwiftRemote;
			productName = SwiftRemote;
			productReference = 404B2B1A19C89828009E3F07 /* SwiftRemote.app */;
			productType = "com.apple.product-type.application";
		};
		404B2B2E19C89828009E3F07 /* SwiftRemoteTests */ = {
			isa = PBXNativeTarget;
			buildConfigurationList = 404B2B3C19C89828009E3F07 /* Build configuration list for PBXNativeTarget "SwiftRemoteTests" */;
			buildPhases = (
				404B2B2B19C89828009E3F07 /* Sources */,
				404B2B2C19C89828009E3F07 /* Frameworks */,
				404B2B2D19C89828009E3F07 /* Resources */,
			);
			buildRules = (
			);
			dependencies = (
				404B2B3119C89828009E3F07 /* PBXTargetDependency */,
			);
			name = SwiftRemoteTests;
			productName = SwiftRemoteTests;
			productReference = 404B2B2F19C89828009E3F07 /* SwiftRemoteTests.xctest */;
			productType = "com.apple.product-type.bundle.unit-test";
		};
/* End PBXNativeTarget section */

/* Begin PBXProject section */
		404B2B1219C89828009E3F07 /* Project object */ = {
			isa = PBXProject;
			attributes = {
				LastUpgradeCheck = 0600;
				ORGANIZATIONNAME = "Cristian Cojita";
				TargetAttributes = {
					404B2B1919C89828009E3F07 = {
						CreatedOnToolsVersion = 6.0;
					};
					404B2B2E19C89828009E3F07 = {
						CreatedOnToolsVersion = 6.0;
						TestTargetID = 404B2B1919C89828009E3F07;
					};
				};
			};
			buildConfigurationList = 404B2B1519C89828009E3F07 /* Build configuration list for PBXProject "SwiftRemote" */;
			compatibilityVersion = "Xcode 3.2";
			developmentRegion = English;
			hasScannedForEncodings = 0;
			knownRegions = (
				en,
				Base,
			);
			mainGroup = 404B2B1119C89828009E3F07;
			productRefGroup = 404B2B1B19C89828009E3F07 /* Products */;
			projectDirPath = "";
			projectReferences = (
				{
					ProductGroup = 40F7979919FE48AB0055525A /* Products */;
					ProjectRef = 40F7979819FE48AB0055525A /* Alamofire.xcodeproj */;
				},
			);
			projectRoot = "";
			targets = (
				404B2B1919C89828009E3F07 /* SwiftRemote */,
				404B2B2E19C89828009E3F07 /* SwiftRemoteTests */,
			);
		};
/* End PBXProject section */

/* Begin PBXReferenceProxy section */
		40F7979E19FE48AB0055525A /* Alamofire.framework */ = {
			isa = PBXReferenceProxy;
			fileType = wrapper.framework;
			path = Alamofire.framework;
			remoteRef = 40F7979D19FE48AB0055525A /* PBXContainerItemProxy */;
			sourceTree = BUILT_PRODUCTS_DIR;
		};
		40F797A019FE48AB0055525A /* AlamofireTests.xctest */ = {
			isa = PBXReferenceProxy;
			fileType = wrapper.cfbundle;
			path = AlamofireTests.xctest;
			remoteRef = 40F7979F19FE48AB0055525A /* PBXContainerItemProxy */;
			sourceTree = BUILT_PRODUCTS_DIR;
		};
/* End PBXReferenceProxy section */

/* Begin PBXResourcesBuildPhase section */
		404B2B1819C89828009E3F07 /* Resources */ = {
			isa = PBXResourcesBuildPhase;
			buildActionMask = 2147483647;
			files = (
				404B2B2519C89828009E3F07 /* Main.storyboard in Resources */,
				404B2B2A19C89828009E3F07 /* LaunchScreen.xib in Resources */,
				404B2B2719C89828009E3F07 /* Images.xcassets in Resources */,
			);
			runOnlyForDeploymentPostprocessing = 0;
		};
		404B2B2D19C89828009E3F07 /* Resources */ = {
			isa = PBXResourcesBuildPhase;
			buildActionMask = 2147483647;
			files = (
			);
			runOnlyForDeploymentPostprocessing = 0;
		};
/* End PBXResourcesBuildPhase section */

/* Begin PBXSourcesBuildPhase section */
		404B2B1619C89828009E3F07 /* Sources */ = {
			isa = PBXSourcesBuildPhase;
			buildActionMask = 2147483647;
			files = (
				404B2B2219C89828009E3F07 /* ViewController.swift in Sources */,
				404B2B2019C89828009E3F07 /* AppDelegate.swift in Sources */,
			);
			runOnlyForDeploymentPostprocessing = 0;
		};
		404B2B2B19C89828009E3F07 /* Sources */ = {
			isa = PBXSourcesBuildPhase;
			buildActionMask = 2147483647;
			files = (
				404B2B3619C89828009E3F07 /* SwiftRemoteTests.swift in Sources */,
			);
			runOnlyForDeploymentPostprocessing = 0;
		};
/* End PBXSourcesBuildPhase section */

/* Begin PBXTargetDependency section */
		404B2B3119C89828009E3F07 /* PBXTargetDependency */ = {
			isa = PBXTargetDependency;
			target = 404B2B1919C89828009E3F07 /* SwiftRemote */;
			targetProxy = 404B2B3019C89828009E3F07 /* PBXContainerItemProxy */;
		};
		40F797A219FE49960055525A /* PBXTargetDependency */ = {
			isa = PBXTargetDependency;
			name = Alamofire;
			targetProxy = 40F797A119FE49960055525A /* PBXContainerItemProxy */;
		};
/* End PBXTargetDependency section */

/* Begin PBXVariantGroup section */
		404B2B2319C89828009E3F07 /* Main.storyboard */ = {
			isa = PBXVariantGroup;
			children = (
				404B2B2419C89828009E3F07 /* Base */,
			);
			name = Main.storyboard;
			sourceTree = "<group>";
		};
		404B2B2819C89828009E3F07 /* LaunchScreen.xib */ = {
			isa = PBXVariantGroup;
			children = (
				404B2B2919C89828009E3F07 /* Base */,
			);
			name = LaunchScreen.xib;
			sourceTree = "<group>";
		};
/* End PBXVariantGroup section */

/* Begin XCBuildConfiguration section */
		404B2B3719C89828009E3F07 /* Debug */ = {
			isa = XCBuildConfiguration;
			buildSettings = {
				ALWAYS_SEARCH_USER_PATHS = NO;
				CLANG_CXX_LANGUAGE_STANDARD = "gnu++0x";
				CLANG_CXX_LIBRARY = "libc++";
				CLANG_ENABLE_MODULES = YES;
				CLANG_ENABLE_OBJC_ARC = YES;
				CLANG_WARN_BOOL_CONVERSION = YES;
				CLANG_WARN_CONSTANT_CONVERSION = YES;
				CLANG_WARN_DIRECT_OBJC_ISA_USAGE = YES_ERROR;
				CLANG_WARN_EMPTY_BODY = YES;
				CLANG_WARN_ENUM_CONVERSION = YES;
				CLANG_WARN_INT_CONVERSION = YES;
				CLANG_WARN_OBJC_ROOT_CLASS = YES_ERROR;
				CLANG_WARN_UNREACHABLE_CODE = YES;
				CLANG_WARN__DUPLICATE_METHOD_MATCH = YES;
				"CODE_SIGN_IDENTITY[sdk=iphoneos*]" = "iPhone Developer";
				COPY_PHASE_STRIP = NO;
				ENABLE_STRICT_OBJC_MSGSEND = YES;
				GCC_C_LANGUAGE_STANDARD = gnu99;
				GCC_DYNAMIC_NO_PIC = NO;
				GCC_OPTIMIZATION_LEVEL = 0;
				GCC_PREPROCESSOR_DEFINITIONS = (
					"DEBUG=1",
					"$(inherited)",
				);
				GCC_SYMBOLS_PRIVATE_EXTERN = NO;
				GCC_WARN_64_TO_32_BIT_CONVERSION = YES;
				GCC_WARN_ABOUT_RETURN_TYPE = YES_ERROR;
				GCC_WARN_UNDECLARED_SELECTOR = YES;
				GCC_WARN_UNINITIALIZED_AUTOS = YES_AGGRESSIVE;
				GCC_WARN_UNUSED_FUNCTION = YES;
				GCC_WARN_UNUSED_VARIABLE = YES;
				IPHONEOS_DEPLOYMENT_TARGET = 8.1;
				MTL_ENABLE_DEBUG_INFO = YES;
				ONLY_ACTIVE_ARCH = YES;
				SDKROOT = iphoneos;
				SWIFT_OPTIMIZATION_LEVEL = "-Onone";
			};
			name = Debug;
		};
		404B2B3819C89828009E3F07 /* Release */ = {
			isa = XCBuildConfiguration;
			buildSettings = {
				ALWAYS_SEARCH_USER_PATHS = NO;
				CLANG_CXX_LANGUAGE_STANDARD = "gnu++0x";
				CLANG_CXX_LIBRARY = "libc++";
				CLANG_ENABLE_MODULES = YES;
				CLANG_ENABLE_OBJC_ARC = YES;
				CLANG_WARN_BOOL_CONVERSION = YES;
				CLANG_WARN_CONSTANT_CONVERSION = YES;
				CLANG_WARN_DIRECT_OBJC_ISA_USAGE = YES_ERROR;
				CLANG_WARN_EMPTY_BODY = YES;
				CLANG_WARN_ENUM_CONVERSION = YES;
				CLANG_WARN_INT_CONVERSION = YES;
				CLANG_WARN_OBJC_ROOT_CLASS = YES_ERROR;
				CLANG_WARN_UNREACHABLE_CODE = YES;
				CLANG_WARN__DUPLICATE_METHOD_MATCH = YES;
				"CODE_SIGN_IDENTITY[sdk=iphoneos*]" = "iPhone Developer";
				COPY_PHASE_STRIP = YES;
				ENABLE_NS_ASSERTIONS = NO;
				ENABLE_STRICT_OBJC_MSGSEND = YES;
				GCC_C_LANGUAGE_STANDARD = gnu99;
				GCC_WARN_64_TO_32_BIT_CONVERSION = YES;
				GCC_WARN_ABOUT_RETURN_TYPE = YES_ERROR;
				GCC_WARN_UNDECLARED_SELECTOR = YES;
				GCC_WARN_UNINITIALIZED_AUTOS = YES_AGGRESSIVE;
				GCC_WARN_UNUSED_FUNCTION = YES;
				GCC_WARN_UNUSED_VARIABLE = YES;
				IPHONEOS_DEPLOYMENT_TARGET = 8.1;
				MTL_ENABLE_DEBUG_INFO = NO;
				SDKROOT = iphoneos;
				VALIDATE_PRODUCT = YES;
			};
			name = Release;
		};
		404B2B3A19C89828009E3F07 /* Debug */ = {
			isa = XCBuildConfiguration;
			buildSettings = {
				ASSETCATALOG_COMPILER_APPICON_NAME = AppIcon;
				CODE_SIGN_IDENTITY = "iPhone Developer: Cristian Cojita (99TMVZVWX4)";
				"CODE_SIGN_IDENTITY[sdk=iphoneos*]" = "iPhone Developer: Cristian Cojita (99TMVZVWX4)";
				INFOPLIST_FILE = SwiftRemote/Info.plist;
				LD_RUNPATH_SEARCH_PATHS = "$(inherited) @executable_path/Frameworks";
				LIBRARY_SEARCH_PATHS = (
					"$(inherited)",
					"$(PROJECT_DIR)/SwiftRemote",
				);
				PRODUCT_NAME = "$(TARGET_NAME)";
				PROVISIONING_PROFILE = "ee5908db-74f7-429f-b4b7-c16567f37503";
			};
			name = Debug;
		};
		404B2B3B19C89828009E3F07 /* Release */ = {
			isa = XCBuildConfiguration;
			buildSettings = {
				ASSETCATALOG_COMPILER_APPICON_NAME = AppIcon;
				CODE_SIGN_IDENTITY = "iPhone Developer: Cristian Cojita (99TMVZVWX4)";
				INFOPLIST_FILE = SwiftRemote/Info.plist;
				LD_RUNPATH_SEARCH_PATHS = "$(inherited) @executable_path/Frameworks";
				LIBRARY_SEARCH_PATHS = (
					"$(inherited)",
					"$(PROJECT_DIR)/SwiftRemote",
				);
				PRODUCT_NAME = "$(TARGET_NAME)";
				PROVISIONING_PROFILE = "ee5908db-74f7-429f-b4b7-c16567f37503";
			};
			name = Release;
		};
		404B2B3D19C89828009E3F07 /* Debug */ = {
			isa = XCBuildConfiguration;
			buildSettings = {
				BUNDLE_LOADER = "$(TEST_HOST)";
				FRAMEWORK_SEARCH_PATHS = (
					"$(SDKROOT)/Developer/Library/Frameworks",
					"$(inherited)",
				);
				GCC_PREPROCESSOR_DEFINITIONS = (
					"DEBUG=1",
					"$(inherited)",
				);
				INFOPLIST_FILE = SwiftRemoteTests/Info.plist;
				LD_RUNPATH_SEARCH_PATHS = "$(inherited) @executable_path/Frameworks @loader_path/Frameworks";
				PRODUCT_NAME = "$(TARGET_NAME)";
				TEST_HOST = "$(BUILT_PRODUCTS_DIR)/SwiftRemote.app/SwiftRemote";
			};
			name = Debug;
		};
		404B2B3E19C89828009E3F07 /* Release */ = {
			isa = XCBuildConfiguration;
			buildSettings = {
				BUNDLE_LOADER = "$(TEST_HOST)";
				FRAMEWORK_SEARCH_PATHS = (
					"$(SDKROOT)/Developer/Library/Frameworks",
					"$(inherited)",
				);
				INFOPLIST_FILE = SwiftRemoteTests/Info.plist;
				LD_RUNPATH_SEARCH_PATHS = "$(inherited) @executable_path/Frameworks @loader_path/Frameworks";
				PRODUCT_NAME = "$(TARGET_NAME)";
				TEST_HOST = "$(BUILT_PRODUCTS_DIR)/SwiftRemote.app/SwiftRemote";
			};
			name = Release;
		};
/* End XCBuildConfiguration section */

/* Begin XCConfigurationList section */
		404B2B1519C89828009E3F07 /* Build configuration list for PBXProject "SwiftRemote" */ = {
			isa = XCConfigurationList;
			buildConfigurations = (
				404B2B3719C89828009E3F07 /* Debug */,
				404B2B3819C89828009E3F07 /* Release */,
			);
			defaultConfigurationIsVisible = 0;
			defaultConfigurationName = Release;
		};
		404B2B3919C89828009E3F07 /* Build configuration list for PBXNativeTarget "SwiftRemote" */ = {
			isa = XCConfigurationList;
			buildConfigurations = (
				404B2B3A19C89828009E3F07 /* Debug */,
				404B2B3B19C89828009E3F07 /* Release */,
			);
			defaultConfigurationIsVisible = 0;
			defaultConfigurationName = Release;
		};
		404B2B3C19C89828009E3F07 /* Build configuration list for PBXNativeTarget "SwiftRemoteTests" */ = {
			isa = XCConfigurationList;
			buildConfigurations = (
				404B2B3D19C89828009E3F07 /* Debug */,
				404B2B3E19C89828009E3F07 /* Release */,
			);
			defaultConfigurationIsVisible = 0;
			defaultConfigurationName = Release;
		};
/* End XCConfigurationList section */
	};
	rootObject = 404B2B1219C89828009E3F07 /* Project object */;
}
